// !$*UTF8*$!
{
	archiveVersion = 1;
	classes = {
	};
	objectVersion = 50;
	objects = {

/* Begin PBXBuildFile section */
		404C4CBF220953380033E5CB /* AppDelegate.m in Sources */ = {isa = PBXBuildFile; fileRef = 404C4CBE220953380033E5CB /* AppDelegate.m */; };
		404C4CC2220953380033E5CB /* ViewController.m in Sources */ = {isa = PBXBuildFile; fileRef = 404C4CC1220953380033E5CB /* ViewController.m */; };
		404C4CC5220953380033E5CB /* Main.storyboard in Resources */ = {isa = PBXBuildFile; fileRef = 404C4CC3220953380033E5CB /* Main.storyboard */; };
		404C4CC72209533A0033E5CB /* Assets.xcassets in Resources */ = {isa = PBXBuildFile; fileRef = 404C4CC62209533A0033E5CB /* Assets.xcassets */; };
		404C4CCA2209533A0033E5CB /* LaunchScreen.storyboard in Resources */ = {isa = PBXBuildFile; fileRef = 404C4CC82209533A0033E5CB /* LaunchScreen.storyboard */; };
		404C4CCD2209533A0033E5CB /* main.m in Sources */ = {isa = PBXBuildFile; fileRef = 404C4CCC2209533A0033E5CB /* main.m */; };
/* End PBXBuildFile section */

/* Begin PBXFileReference section */
		404C4CBA220953380033E5CB /* AnshuTest.app */ = {isa = PBXFileReference; explicitFileType = wrapper.application; includeInIndex = 0; path = AnshuTest.app; sourceTree = BUILT_PRODUCTS_DIR; };
		404C4CBD220953380033E5CB /* AppDelegate.h */ = {isa = PBXFileReference; lastKnownFileType = sourcecode.c.h; path = AppDelegate.h; sourceTree = "<group>"; };
		404C4CBE220953380033E5CB /* AppDelegate.m */ = {isa = PBXFileReference; lastKnownFileType = sourcecode.c.objc; path = AppDelegate.m; sourceTree = "<group>"; };
		404C4CC0220953380033E5CB /* ViewController.h */ = {isa = PBXFileReference; lastKnownFileType = sourcecode.c.h; path = ViewController.h; sourceTree = "<group>"; };
		404C4CC1220953380033E5CB /* ViewController.m */ = {isa = PBXFileReference; lastKnownFileType = sourcecode.c.objc; path = ViewController.m; sourceTree = "<group>"; };
		404C4CC4220953380033E5CB /* Base */ = {isa = PBXFileReference; lastKnownFileType = file.storyboard; name = Base; path = Base.lproj/Main.storyboard; sourceTree = "<group>"; };
		404C4CC62209533A0033E5CB /* Assets.xcassets */ = {isa = PBXFileReference; lastKnownFileType = folder.assetcatalog; path = Assets.xcassets; sourceTree = "<group>"; };
		404C4CC92209533A0033E5CB /* Base */ = {isa = PBXFileReference; lastKnownFileType = file.storyboard; name = Base; path = Base.lproj/LaunchScreen.storyboard; sourceTree = "<group>"; };
		404C4CCB2209533A0033E5CB /* Info.plist */ = {isa = PBXFileReference; lastKnownFileType = text.plist.xml; path = Info.plist; sourceTree = "<group>"; };
		404C4CCC2209533A0033E5CB /* main.m */ = {isa = PBXFileReference; lastKnownFileType = sourcecode.c.objc; path = main.m; sourceTree = "<group>"; };
/* End PBXFileReference section */

/* Begin PBXFrameworksBuildPhase section */
		404C4CB7220953380033E5CB /* Frameworks */ = {
			isa = PBXFrameworksBuildPhase;
			buildActionMask = 2147483647;
			files = (
			);
			runOnlyForDeploymentPostprocessing = 0;
		};
/* End PBXFrameworksBuildPhase section */

/* Begin PBXGroup section */
		404C4CB1220953380033E5CB = {
			isa = PBXGroup;
			children = (
				404C4CBC220953380033E5CB /* AnshuTest */,
				404C4CBB220953380033E5CB /* Products */,
			);
			sourceTree = "<group>";
		};
		404C4CBB220953380033E5CB /* Products */ = {
			isa = PBXGroup;
			children = (
				404C4CBA220953380033E5CB /* AnshuTest.app */,
			);
			name = Products;
			sourceTree = "<group>";
		};
		404C4CBC220953380033E5CB /* AnshuTest */ = {
			isa = PBXGroup;
			children = (
				404C4CBD220953380033E5CB /* AppDelegate.h */,
				404C4CBE220953380033E5CB /* AppDelegate.m */,
				404C4CC0220953380033E5CB /* ViewController.h */,
				404C4CC1220953380033E5CB /* ViewController.m */,
				404C4CC3220953380033E5CB /* Main.storyboard */,
				404C4CC62209533A0033E5CB /* Assets.xcassets */,
				404C4CC82209533A0033E5CB /* LaunchScreen.storyboard */,
				404C4CCB2209533A0033E5CB /* Info.plist */,
				404C4CCC2209533A0033E5CB /* main.m */,
			);
			path = AnshuTest;
			sourceTree = "<group>";
		};
/* End PBXGroup section */

/* Begin PBXNativeTarget section */
		404C4CB9220953380033E5CB /* AnshuTest */ = {
			isa = PBXNativeTarget;
			buildConfigurationList = 404C4CD02209533A0033E5CB /* Build configuration list for PBXNativeTarget "AnshuTest" */;
			buildPhases = (
				404C4CB6220953380033E5CB /* Sources */,
				404C4CB7220953380033E5CB /* Frameworks */,
				404C4CB8220953380033E5CB /* Resources */,
			);
			buildRules = (
			);
			dependencies = (
			);
			name = AnshuTest;
			productName = AnshuTest;
			productReference = 404C4CBA220953380033E5CB /* AnshuTest.app */;
			productType = "com.apple.product-type.application";
		};
/* End PBXNativeTarget section */

/* Begin PBXProject section */
		404C4CB2220953380033E5CB /* Project object */ = {
			isa = PBXProject;
			attributes = {
				LastUpgradeCheck = 1000;
				ORGANIZATIONNAME = myself;
				TargetAttributes = {
					404C4CB9220953380033E5CB = {
						CreatedOnToolsVersion = 10.0;
					};
				};
			};
			buildConfigurationList = 404C4CB5220953380033E5CB /* Build configuration list for PBXProject "AnshuTest" */;
			compatibilityVersion = "Xcode 9.3";
			developmentRegion = en;
			hasScannedForEncodings = 0;
			knownRegions = (
				en,
				Base,
			);
			mainGroup = 404C4CB1220953380033E5CB;
			productRefGroup = 404C4CBB220953380033E5CB /* Products */;
			projectDirPath = "";
			projectRoot = "";
			targets = (
				404C4CB9220953380033E5CB /* AnshuTest */,
			);
		};
/* End PBXProject section */

/* Begin PBXResourcesBuildPhase section */
		404C4CB8220953380033E5CB /* Resources */ = {
			isa = PBXResourcesBuildPhase;
			buildActionMask = 2147483647;
			files = (
				404C4CCA2209533A0033E5CB /* LaunchScreen.storyboard in Resources */,
				404C4CC72209533A0033E5CB /* Assets.xcassets in Resources */,
				404C4CC5220953380033E5CB /* Main.storyboard in Resources */,
			);
			runOnlyForDeploymentPostprocessing = 0;
		};
/* End PBXResourcesBuildPhase section */

/* Begin PBXSourcesBuildPhase section */
		404C4CB6220953380033E5CB /* Sources */ = {
			isa = PBXSourcesBuildPhase;
			buildActionMask = 2147483647;
			files = (
				404C4CC2220953380033E5CB /* ViewController.m in Sources */,
				404C4CCD2209533A0033E5CB /* main.m in Sources */,
				404C4CBF220953380033E5CB /* AppDelegate.m in Sources */,
			);
			runOnlyForDeploymentPostprocessing = 0;
		};
/* End PBXSourcesBuildPhase section */

/* Begin PBXVariantGroup section */
		404C4CC3220953380033E5CB /* Main.storyboard */ = {
			isa = PBXVariantGroup;
			children = (
				404C4CC4220953380033E5CB /* Base */,
			);
			name = Main.storyboard;
			sourceTree = "<group>";
		};
		404C4CC82209533A0033E5CB /* LaunchScreen.storyboard */ = {
			isa = PBXVariantGroup;
			children = (
				404C4CC92209533A0033E5CB /* Base */,
			);
			name = LaunchScreen.storyboard;
			sourceTree = "<group>";
		};
/* End PBXVariantGroup section */

/* Begin XCBuildConfiguration section */
		404C4CCE2209533A0033E5CB /* Debug */ = {
			isa = XCBuildConfiguration;
			buildSettings = {
				ALWAYS_SEARCH_USER_PATHS = NO;
				CLANG_ANALYZER_NONNULL = YES;
				CLANG_ANALYZER_NUMBER_OBJECT_CONVERSION = YES_AGGRESSIVE;
				CLANG_CXX_LANGUAGE_STANDARD = "gnu++14";
				CLANG_CXX_LIBRARY = "libc++";
				CLANG_ENABLE_MODULES = YES;
				CLANG_ENABLE_OBJC_ARC = YES;
				CLANG_ENABLE_OBJC_WEAK = YES;
				CLANG_WARN_BLOCK_CAPTURE_AUTORELEASING = YES;
				CLANG_WARN_BOOL_CONVERSION = YES;
				CLANG_WARN_COMMA = YES;
				CLANG_WARN_CONSTANT_CONVERSION = YES;
				CLANG_WARN_DEPRECATED_OBJC_IMPLEMENTATIONS = YES;
				CLANG_WARN_DIRECT_OBJC_ISA_USAGE = YES_ERROR;
				CLANG_WARN_DOCUMENTATION_COMMENTS = YES;
				CLANG_WARN_EMPTY_BODY = YES;
				CLANG_WARN_ENUM_CONVERSION = YES;
				CLANG_WARN_INFINITE_RECURSION = YES;
				CLANG_WARN_INT_CONVERSION = YES;
				CLANG_WARN_NON_LITERAL_NULL_CONVERSION = YES;
				CLANG_WARN_OBJC_IMPLICIT_RETAIN_SELF = YES;
				CLANG_WARN_OBJC_LITERAL_CONVERSION = YES;
				CLANG_WARN_OBJC_ROOT_CLASS = YES_ERROR;
				CLANG_WARN_RANGE_LOOP_ANALYSIS = YES;
				CLANG_WARN_STRICT_PROTOTYPES = YES;
				CLANG_WARN_SUSPICIOUS_MOVE = YES;
				CLANG_WARN_UNGUARDED_AVAILABILITY = YES_AGGRESSIVE;
				CLANG_WARN_UNREACHABLE_CODE = YES;
				CLANG_WARN__DUPLICATE_METHOD_MATCH = YES;
				CODE_SIGN_IDENTITY = "iPhone Developer";
				COPY_PHASE_STRIP = NO;
				DEBUG_INFORMATION_FORMAT = dwarf;
				ENABLE_STRICT_OBJC_MSGSEND = YES;
				ENABLE_TESTABILITY = YES;
				GCC_C_LANGUAGE_STANDARD = gnu11;
				GCC_DYNAMIC_NO_PIC = NO;
				GCC_NO_COMMON_BLOCKS = YES;
				GCC_OPTIMIZATION_LEVEL = 0;
				GCC_PREPROCESSOR_DEFINITIONS = (
					"DEBUG=1",
					"$(inherited)",
				);
				GCC_WARN_64_TO_32_BIT_CONVERSION = YES;
				GCC_WARN_ABOUT_RETURN_TYPE = YES_ERROR;
				GCC_WARN_UNDECLARED_SELECTOR = YES;
				GCC_WARN_UNINITIALIZED_AUTOS = YES_AGGRESSIVE;
				GCC_WARN_UNUSED_FUNCTION = YES;
				GCC_WARN_UNUSED_VARIABLE = YES;
				IPHONEOS_DEPLOYMENT_TARGET = 12.0;
				MTL_ENABLE_DEBUG_INFO = INCLUDE_SOURCE;
				MTL_FAST_MATH = YES;
				ONLY_ACTIVE_ARCH = YES;
				SDKROOT = iphoneos;
			};
			name = Debug;
		};
		404C4CCF2209533A0033E5CB /* Release */ = {
			isa = XCBuildConfiguration;
			buildSettings = {
				ALWAYS_SEARCH_USER_PATHS = NO;
				CLANG_ANALYZER_NONNULL = YES;
				CLANG_ANALYZER_NUMBER_OBJECT_CONVERSION = YES_AGGRESSIVE;
				CLANG_CXX_LANGUAGE_STANDARD = "gnu++14";
				CLANG_CXX_LIBRARY = "libc++";
				CLANG_ENABLE_MODULES = YES;
				CLANG_ENABLE_OBJC_ARC = YES;
				CLANG_ENABLE_OBJC_WEAK = YES;
				CLANG_WARN_BLOCK_CAPTURE_AUTORELEASING = YES;
				CLANG_WARN_BOOL_CONVERSION = YES;
				CLANG_WARN_COMMA = YES;
				CLANG_WARN_CONSTANT_CONVERSION = YES;
				CLANG_WARN_DEPRECATED_OBJC_IMPLEMENTATIONS = YES;
				CLANG_WARN_DIRECT_OBJC_ISA_USAGE = YES_ERROR;
				CLANG_WARN_DOCUMENTATION_COMMENTS = YES;
				CLANG_WARN_EMPTY_BODY = YES;
				CLANG_WARN_ENUM_CONVERSION = YES;
				CLANG_WARN_INFINITE_RECURSION = YES;
				CLANG_WARN_INT_CONVERSION = YES;
				CLANG_WARN_NON_LITERAL_NULL_CONVERSION = YES;
				CLANG_WARN_OBJC_IMPLICIT_RETAIN_SELF = YES;
				CLANG_WARN_OBJC_LITERAL_CONVERSION = YES;
				CLANG_WARN_OBJC_ROOT_CLASS = YES_ERROR;
				CLANG_WARN_RANGE_LOOP_ANALYSIS = YES;
				CLANG_WARN_STRICT_PROTOTYPES = YES;
				CLANG_WARN_SUSPICIOUS_MOVE = YES;
				CLANG_WARN_UNGUARDED_AVAILABILITY = YES_AGGRESSIVE;
				CLANG_WARN_UNREACHABLE_CODE = YES;
				CLANG_WARN__DUPLICATE_METHOD_MATCH = YES;
				CODE_SIGN_IDENTITY = "iPhone Developer";
				COPY_PHASE_STRIP = NO;
				DEBUG_INFORMATION_FORMAT = "dwarf-with-dsym";
				ENABLE_NS_ASSERTIONS = NO;
				ENABLE_STRICT_OBJC_MSGSEND = YES;
				GCC_C_LANGUAGE_STANDARD = gnu11;
				GCC_NO_COMMON_BLOCKS = YES;
				GCC_WARN_64_TO_32_BIT_CONVERSION = YES;
				GCC_WARN_ABOUT_RETURN_TYPE = YES_ERROR;
				GCC_WARN_UNDECLARED_SELECTOR = YES;
				GCC_WARN_UNINITIALIZED_AUTOS = YES_AGGRESSIVE;
				GCC_WARN_UNUSED_FUNCTION = YES;
				GCC_WARN_UNUSED_VARIABLE = YES;
				IPHONEOS_DEPLOYMENT_TARGET = 12.0;
				MTL_ENABLE_DEBUG_INFO = NO;
				MTL_FAST_MATH = YES;
				SDKROOT = iphoneos;
				VALIDATE_PRODUCT = YES;
			};
			name = Release;
		};
		404C4CD12209533A0033E5CB /* Debug */ = {
			isa = XCBuildConfiguration;
			buildSettings = {
				ASSETCATALOG_COMPILER_APPICON_NAME = AppIcon;
				CODE_SIGN_STYLE = Automatic;
				DEVELOPMENT_TEAM = RPK4XC758S;
				INFOPLIST_FILE = AnshuTest/Info.plist;
				LD_RUNPATH_SEARCH_PATHS = (
					"$(inherited)",
					"@executable_path/Frameworks",
				);
				PRODUCT_BUNDLE_IDENTIFIER = com.sl.geo.AnshuTest;
				PRODUCT_NAME = "$(TARGET_NAME)";
				TARGETED_DEVICE_FAMILY = "1,2";
			};
			name = Debug;
		};
		404C4CD22209533A0033E5CB /* Release */ = {
			isa = XCBuildConfiguration;
			buildSettings = {
				ASSETCATALOG_COMPILER_APPICON_NAME = AppIcon;
				CODE_SIGN_STYLE = Automatic;
				DEVELOPMENT_TEAM = RPK4XC758S;
				INFOPLIST_FILE = AnshuTest/Info.plist;
				LD_RUNPATH_SEARCH_PATHS = (
					"$(inherited)",
					"@executable_path/Frameworks",
				);
				PRODUCT_BUNDLE_IDENTIFIER = com.sl.geo.AnshuTest;
				PRODUCT_NAME = "$(TARGET_NAME)";
				TARGETED_DEVICE_FAMILY = "1,2";
			};
			name = Release;
		};
/* End XCBuildConfiguration section */

/* Begin XCConfigurationList section */
		404C4CB5220953380033E5CB /* Build configuration list for PBXProject "AnshuTest" */ = {
			isa = XCConfigurationList;
			buildConfigurations = (
				404C4CCE2209533A0033E5CB /* Debug */,
				404C4CCF2209533A0033E5CB /* Release */,
			);
			defaultConfigurationIsVisible = 0;
			defaultConfigurationName = Release;
		};
		404C4CD02209533A0033E5CB /* Build configuration list for PBXNativeTarget "AnshuTest" */ = {
			isa = XCConfigurationList;
			buildConfigurations = (
				404C4CD12209533A0033E5CB /* Debug */,
				404C4CD22209533A0033E5CB /* Release */,
			);
			defaultConfigurationIsVisible = 0;
			defaultConfigurationName = Release;
		};
/* End XCConfigurationList section */
	};
	rootObject = 404C4CB2220953380033E5CB /* Project object */;
}
